// !$*UTF8*$!
{
	archiveVersion = 1;
	classes = {
	};
	objectVersion = 46;
	objects = {

/* Begin PBXBuildFile section */
		66FAEB451AB50B32009BB98D /* PlayingView.xib in Resources */ = {isa = PBXBuildFile; fileRef = 66FAEB441AB50B32009BB98D /* PlayingView.xib */; };
		9B49AF7F1AB4346A00BCD549 /* main.m in Sources */ = {isa = PBXBuildFile; fileRef = 9B49AF7E1AB4346A00BCD549 /* main.m */; };
		9B49AF821AB4346A00BCD549 /* AppDelegate.m in Sources */ = {isa = PBXBuildFile; fileRef = 9B49AF811AB4346A00BCD549 /* AppDelegate.m */; };
		9B49AF851AB4346A00BCD549 /* ViewController.m in Sources */ = {isa = PBXBuildFile; fileRef = 9B49AF841AB4346A00BCD549 /* ViewController.m */; };
		9B49AF881AB4346A00BCD549 /* Main.storyboard in Resources */ = {isa = PBXBuildFile; fileRef = 9B49AF861AB4346A00BCD549 /* Main.storyboard */; };
		9B49AF8A1AB4346A00BCD549 /* Images.xcassets in Resources */ = {isa = PBXBuildFile; fileRef = 9B49AF891AB4346A00BCD549 /* Images.xcassets */; };
		9B49AF8D1AB4346A00BCD549 /* LaunchScreen.xib in Resources */ = {isa = PBXBuildFile; fileRef = 9B49AF8B1AB4346A00BCD549 /* LaunchScreen.xib */; };
		9B49AF991AB4346A00BCD549 /* SpotifyTestTests.m in Sources */ = {isa = PBXBuildFile; fileRef = 9B49AF981AB4346A00BCD549 /* SpotifyTestTests.m */; };
		9B49AFA41AB43D4A00BCD549 /* PlaylistViewController.m in Sources */ = {isa = PBXBuildFile; fileRef = 9B49AFA31AB43D4A00BCD549 /* PlaylistViewController.m */; };
		9B49AFA71AB43DF800BCD549 /* UIImage+ImageWithColor.m in Sources */ = {isa = PBXBuildFile; fileRef = 9B49AFA61AB43DF800BCD549 /* UIImage+ImageWithColor.m */; };
/* End PBXBuildFile section */

/* Begin PBXContainerItemProxy section */
		9B49AF931AB4346A00BCD549 /* PBXContainerItemProxy */ = {
			isa = PBXContainerItemProxy;
			containerPortal = 9B49AF711AB4346A00BCD549 /* Project object */;
			proxyType = 1;
			remoteGlobalIDString = 9B49AF781AB4346A00BCD549;
			remoteInfo = SpotifyTest;
		};
/* End PBXContainerItemProxy section */

/* Begin PBXFileReference section */
		66FAEB441AB50B32009BB98D /* PlayingView.xib */ = {isa = PBXFileReference; fileEncoding = 4; lastKnownFileType = file.xib; path = PlayingView.xib; sourceTree = "<group>"; };
		9B49AF791AB4346A00BCD549 /* SpotifyTest.app */ = {isa = PBXFileReference; explicitFileType = wrapper.application; includeInIndex = 0; path = SpotifyTest.app; sourceTree = BUILT_PRODUCTS_DIR; };
		9B49AF7D1AB4346A00BCD549 /* Info.plist */ = {isa = PBXFileReference; lastKnownFileType = text.plist.xml; path = Info.plist; sourceTree = "<group>"; };
		9B49AF7E1AB4346A00BCD549 /* main.m */ = {isa = PBXFileReference; lastKnownFileType = sourcecode.c.objc; path = main.m; sourceTree = "<group>"; };
		9B49AF801AB4346A00BCD549 /* AppDelegate.h */ = {isa = PBXFileReference; lastKnownFileType = sourcecode.c.h; path = AppDelegate.h; sourceTree = "<group>"; };
		9B49AF811AB4346A00BCD549 /* AppDelegate.m */ = {isa = PBXFileReference; lastKnownFileType = sourcecode.c.objc; path = AppDelegate.m; sourceTree = "<group>"; };
		9B49AF831AB4346A00BCD549 /* ViewController.h */ = {isa = PBXFileReference; lastKnownFileType = sourcecode.c.h; path = ViewController.h; sourceTree = "<group>"; };
		9B49AF841AB4346A00BCD549 /* ViewController.m */ = {isa = PBXFileReference; lastKnownFileType = sourcecode.c.objc; path = ViewController.m; sourceTree = "<group>"; };
		9B49AF871AB4346A00BCD549 /* Base */ = {isa = PBXFileReference; lastKnownFileType = file.storyboard; name = Base; path = Base.lproj/Main.storyboard; sourceTree = "<group>"; };
		9B49AF891AB4346A00BCD549 /* Images.xcassets */ = {isa = PBXFileReference; lastKnownFileType = folder.assetcatalog; path = Images.xcassets; sourceTree = "<group>"; };
		9B49AF8C1AB4346A00BCD549 /* Base */ = {isa = PBXFileReference; lastKnownFileType = file.xib; name = Base; path = Base.lproj/LaunchScreen.xib; sourceTree = "<group>"; };
		9B49AF921AB4346A00BCD549 /* SpotifyTestTests.xctest */ = {isa = PBXFileReference; explicitFileType = wrapper.cfbundle; includeInIndex = 0; path = SpotifyTestTests.xctest; sourceTree = BUILT_PRODUCTS_DIR; };
		9B49AF971AB4346A00BCD549 /* Info.plist */ = {isa = PBXFileReference; lastKnownFileType = text.plist.xml; path = Info.plist; sourceTree = "<group>"; };
		9B49AF981AB4346A00BCD549 /* SpotifyTestTests.m */ = {isa = PBXFileReference; lastKnownFileType = sourcecode.c.objc; path = SpotifyTestTests.m; sourceTree = "<group>"; };
		9B49AFA21AB43D4A00BCD549 /* PlaylistViewController.h */ = {isa = PBXFileReference; fileEncoding = 4; lastKnownFileType = sourcecode.c.h; path = PlaylistViewController.h; sourceTree = "<group>"; };
		9B49AFA31AB43D4A00BCD549 /* PlaylistViewController.m */ = {isa = PBXFileReference; fileEncoding = 4; lastKnownFileType = sourcecode.c.objc; path = PlaylistViewController.m; sourceTree = "<group>"; };
		9B49AFA51AB43DF800BCD549 /* UIImage+ImageWithColor.h */ = {isa = PBXFileReference; fileEncoding = 4; lastKnownFileType = sourcecode.c.h; path = "UIImage+ImageWithColor.h"; sourceTree = "<group>"; };
		9B49AFA61AB43DF800BCD549 /* UIImage+ImageWithColor.m */ = {isa = PBXFileReference; fileEncoding = 4; lastKnownFileType = sourcecode.c.objc; path = "UIImage+ImageWithColor.m"; sourceTree = "<group>"; };
/* End PBXFileReference section */

/* Begin PBXFrameworksBuildPhase section */
		9B49AF761AB4346A00BCD549 /* Frameworks */ = {
			isa = PBXFrameworksBuildPhase;
			buildActionMask = 2147483647;
			files = (
			);
			runOnlyForDeploymentPostprocessing = 0;
		};
		9B49AF8F1AB4346A00BCD549 /* Frameworks */ = {
			isa = PBXFrameworksBuildPhase;
			buildActionMask = 2147483647;
			files = (
			);
			runOnlyForDeploymentPostprocessing = 0;
		};
/* End PBXFrameworksBuildPhase section */

/* Begin PBXGroup section */
		9B49AF701AB4346A00BCD549 = {
			isa = PBXGroup;
			children = (
				9B49AF7B1AB4346A00BCD549 /* SpotifyTest */,
				9B49AF951AB4346A00BCD549 /* SpotifyTestTests */,
				9B49AF7A1AB4346A00BCD549 /* Products */,
			);
			sourceTree = "<group>";
		};
		9B49AF7A1AB4346A00BCD549 /* Products */ = {
			isa = PBXGroup;
			children = (
				9B49AF791AB4346A00BCD549 /* SpotifyTest.app */,
				9B49AF921AB4346A00BCD549 /* SpotifyTestTests.xctest */,
			);
			name = Products;
			sourceTree = "<group>";
		};
		9B49AF7B1AB4346A00BCD549 /* SpotifyTest */ = {
			isa = PBXGroup;
			children = (
				9B49AF801AB4346A00BCD549 /* AppDelegate.h */,
				9B49AF811AB4346A00BCD549 /* AppDelegate.m */,
				9B49AF831AB4346A00BCD549 /* ViewController.h */,
				9B49AF841AB4346A00BCD549 /* ViewController.m */,
				9B49AFA21AB43D4A00BCD549 /* PlaylistViewController.h */,
				9B49AFA31AB43D4A00BCD549 /* PlaylistViewController.m */,
				9B49AFA51AB43DF800BCD549 /* UIImage+ImageWithColor.h */,
				9B49AFA61AB43DF800BCD549 /* UIImage+ImageWithColor.m */,
				66FAEB441AB50B32009BB98D /* PlayingView.xib */,
				9B49AF861AB4346A00BCD549 /* Main.storyboard */,
				9B49AF891AB4346A00BCD549 /* Images.xcassets */,
				9B49AF8B1AB4346A00BCD549 /* LaunchScreen.xib */,
				9B49AF7C1AB4346A00BCD549 /* Supporting Files */,
			);
			path = SpotifyTest;
			sourceTree = "<group>";
		};
		9B49AF7C1AB4346A00BCD549 /* Supporting Files */ = {
			isa = PBXGroup;
			children = (
				9B49AF7D1AB4346A00BCD549 /* Info.plist */,
				9B49AF7E1AB4346A00BCD549 /* main.m */,
			);
			name = "Supporting Files";
			sourceTree = "<group>";
		};
		9B49AF951AB4346A00BCD549 /* SpotifyTestTests */ = {
			isa = PBXGroup;
			children = (
				9B49AF981AB4346A00BCD549 /* SpotifyTestTests.m */,
				9B49AF961AB4346A00BCD549 /* Supporting Files */,
			);
			path = SpotifyTestTests;
			sourceTree = "<group>";
		};
		9B49AF961AB4346A00BCD549 /* Supporting Files */ = {
			isa = PBXGroup;
			children = (
				9B49AF971AB4346A00BCD549 /* Info.plist */,
			);
			name = "Supporting Files";
			sourceTree = "<group>";
		};
/* End PBXGroup section */

/* Begin PBXNativeTarget section */
		9B49AF781AB4346A00BCD549 /* SpotifyTest */ = {
			isa = PBXNativeTarget;
			buildConfigurationList = 9B49AF9C1AB4346A00BCD549 /* Build configuration list for PBXNativeTarget "SpotifyTest" */;
			buildPhases = (
				9B49AF751AB4346A00BCD549 /* Sources */,
				9B49AF761AB4346A00BCD549 /* Frameworks */,
				9B49AF771AB4346A00BCD549 /* Resources */,
			);
			buildRules = (
			);
			dependencies = (
			);
			name = SpotifyTest;
			productName = SpotifyTest;
			productReference = 9B49AF791AB4346A00BCD549 /* SpotifyTest.app */;
			productType = "com.apple.product-type.application";
		};
		9B49AF911AB4346A00BCD549 /* SpotifyTestTests */ = {
			isa = PBXNativeTarget;
			buildConfigurationList = 9B49AF9F1AB4346A00BCD549 /* Build configuration list for PBXNativeTarget "SpotifyTestTests" */;
			buildPhases = (
				9B49AF8E1AB4346A00BCD549 /* Sources */,
				9B49AF8F1AB4346A00BCD549 /* Frameworks */,
				9B49AF901AB4346A00BCD549 /* Resources */,
			);
			buildRules = (
			);
			dependencies = (
				9B49AF941AB4346A00BCD549 /* PBXTargetDependency */,
			);
			name = SpotifyTestTests;
			productName = SpotifyTestTests;
			productReference = 9B49AF921AB4346A00BCD549 /* SpotifyTestTests.xctest */;
			productType = "com.apple.product-type.bundle.unit-test";
		};
/* End PBXNativeTarget section */

/* Begin PBXProject section */
		9B49AF711AB4346A00BCD549 /* Project object */ = {
			isa = PBXProject;
			attributes = {
				LastUpgradeCheck = 0630;
				ORGANIZATIONNAME = "Mark Feaver";
				TargetAttributes = {
					9B49AF781AB4346A00BCD549 = {
						CreatedOnToolsVersion = 6.3;
					};
					9B49AF911AB4346A00BCD549 = {
						CreatedOnToolsVersion = 6.3;
						TestTargetID = 9B49AF781AB4346A00BCD549;
					};
				};
			};
			buildConfigurationList = 9B49AF741AB4346A00BCD549 /* Build configuration list for PBXProject "SpotifyTest" */;
			compatibilityVersion = "Xcode 3.2";
			developmentRegion = English;
			hasScannedForEncodings = 0;
			knownRegions = (
				en,
				Base,
			);
			mainGroup = 9B49AF701AB4346A00BCD549;
			productRefGroup = 9B49AF7A1AB4346A00BCD549 /* Products */;
			projectDirPath = "";
			projectRoot = "";
			targets = (
				9B49AF781AB4346A00BCD549 /* SpotifyTest */,
				9B49AF911AB4346A00BCD549 /* SpotifyTestTests */,
			);
		};
/* End PBXProject section */

/* Begin PBXResourcesBuildPhase section */
		9B49AF771AB4346A00BCD549 /* Resources */ = {
			isa = PBXResourcesBuildPhase;
			buildActionMask = 2147483647;
			files = (
				9B49AF881AB4346A00BCD549 /* Main.storyboard in Resources */,
				9B49AF8D1AB4346A00BCD549 /* LaunchScreen.xib in Resources */,
				9B49AF8A1AB4346A00BCD549 /* Images.xcassets in Resources */,
				66FAEB451AB50B32009BB98D /* PlayingView.xib in Resources */,
			);
			runOnlyForDeploymentPostprocessing = 0;
		};
		9B49AF901AB4346A00BCD549 /* Resources */ = {
			isa = PBXResourcesBuildPhase;
			buildActionMask = 2147483647;
			files = (
			);
			runOnlyForDeploymentPostprocessing = 0;
		};
/* End PBXResourcesBuildPhase section */

/* Begin PBXSourcesBuildPhase section */
		9B49AF751AB4346A00BCD549 /* Sources */ = {
			isa = PBXSourcesBuildPhase;
			buildActionMask = 2147483647;
			files = (
				9B49AFA71AB43DF800BCD549 /* UIImage+ImageWithColor.m in Sources */,
				9B49AFA41AB43D4A00BCD549 /* PlaylistViewController.m in Sources */,
				9B49AF851AB4346A00BCD549 /* ViewController.m in Sources */,
				9B49AF821AB4346A00BCD549 /* AppDelegate.m in Sources */,
				9B49AF7F1AB4346A00BCD549 /* main.m in Sources */,
			);
			runOnlyForDeploymentPostprocessing = 0;
		};
		9B49AF8E1AB4346A00BCD549 /* Sources */ = {
			isa = PBXSourcesBuildPhase;
			buildActionMask = 2147483647;
			files = (
				9B49AF991AB4346A00BCD549 /* SpotifyTestTests.m in Sources */,
			);
			runOnlyForDeploymentPostprocessing = 0;
		};
/* End PBXSourcesBuildPhase section */

/* Begin PBXTargetDependency section */
		9B49AF941AB4346A00BCD549 /* PBXTargetDependency */ = {
			isa = PBXTargetDependency;
			target = 9B49AF781AB4346A00BCD549 /* SpotifyTest */;
			targetProxy = 9B49AF931AB4346A00BCD549 /* PBXContainerItemProxy */;
		};
/* End PBXTargetDependency section */

/* Begin PBXVariantGroup section */
		9B49AF861AB4346A00BCD549 /* Main.storyboard */ = {
			isa = PBXVariantGroup;
			children = (
				9B49AF871AB4346A00BCD549 /* Base */,
			);
			name = Main.storyboard;
			sourceTree = "<group>";
		};
		9B49AF8B1AB4346A00BCD549 /* LaunchScreen.xib */ = {
			isa = PBXVariantGroup;
			children = (
				9B49AF8C1AB4346A00BCD549 /* Base */,
			);
			name = LaunchScreen.xib;
			sourceTree = "<group>";
		};
/* End PBXVariantGroup section */

/* Begin XCBuildConfiguration section */
		9B49AF9A1AB4346A00BCD549 /* Debug */ = {
			isa = XCBuildConfiguration;
			buildSettings = {
				ALWAYS_SEARCH_USER_PATHS = NO;
				CLANG_CXX_LANGUAGE_STANDARD = "gnu++0x";
				CLANG_CXX_LIBRARY = "libc++";
				CLANG_ENABLE_MODULES = YES;
				CLANG_ENABLE_OBJC_ARC = YES;
				CLANG_WARN_BOOL_CONVERSION = YES;
				CLANG_WARN_CONSTANT_CONVERSION = YES;
				CLANG_WARN_DIRECT_OBJC_ISA_USAGE = YES_ERROR;
				CLANG_WARN_EMPTY_BODY = YES;
				CLANG_WARN_ENUM_CONVERSION = YES;
				CLANG_WARN_INT_CONVERSION = YES;
				CLANG_WARN_OBJC_ROOT_CLASS = YES_ERROR;
				CLANG_WARN_UNREACHABLE_CODE = YES;
				CLANG_WARN__DUPLICATE_METHOD_MATCH = YES;
				"CODE_SIGN_IDENTITY[sdk=iphoneos*]" = "iPhone Developer";
				COPY_PHASE_STRIP = NO;
				DEBUG_INFORMATION_FORMAT = "dwarf-with-dsym";
				ENABLE_STRICT_OBJC_MSGSEND = YES;
				GCC_C_LANGUAGE_STANDARD = gnu99;
				GCC_DYNAMIC_NO_PIC = NO;
				GCC_NO_COMMON_BLOCKS = YES;
				GCC_OPTIMIZATION_LEVEL = 0;
				GCC_PREPROCESSOR_DEFINITIONS = (
					"DEBUG=1",
					"$(inherited)",
				);
				GCC_SYMBOLS_PRIVATE_EXTERN = NO;
				GCC_WARN_64_TO_32_BIT_CONVERSION = YES;
				GCC_WARN_ABOUT_RETURN_TYPE = YES_ERROR;
				GCC_WARN_UNDECLARED_SELECTOR = YES;
				GCC_WARN_UNINITIALIZED_AUTOS = YES_AGGRESSIVE;
				GCC_WARN_UNUSED_FUNCTION = YES;
				GCC_WARN_UNUSED_VARIABLE = YES;
				IPHONEOS_DEPLOYMENT_TARGET = 8.3;
				MTL_ENABLE_DEBUG_INFO = YES;
				ONLY_ACTIVE_ARCH = YES;
				SDKROOT = iphoneos;
			};
			name = Debug;
		};
		9B49AF9B1AB4346A00BCD549 /* Release */ = {
			isa = XCBuildConfiguration;
			buildSettings = {
				ALWAYS_SEARCH_USER_PATHS = NO;
				CLANG_CXX_LANGUAGE_STANDARD = "gnu++0x";
				CLANG_CXX_LIBRARY = "libc++";
				CLANG_ENABLE_MODULES = YES;
				CLANG_ENABLE_OBJC_ARC = YES;
				CLANG_WARN_BOOL_CONVERSION = YES;
				CLANG_WARN_CONSTANT_CONVERSION = YES;
				CLANG_WARN_DIRECT_OBJC_ISA_USAGE = YES_ERROR;
				CLANG_WARN_EMPTY_BODY = YES;
				CLANG_WARN_ENUM_CONVERSION = YES;
				CLANG_WARN_INT_CONVERSION = YES;
				CLANG_WARN_OBJC_ROOT_CLASS = YES_ERROR;
				CLANG_WARN_UNREACHABLE_CODE = YES;
				CLANG_WARN__DUPLICATE_METHOD_MATCH = YES;
				"CODE_SIGN_IDENTITY[sdk=iphoneos*]" = "iPhone Developer";
				COPY_PHASE_STRIP = NO;
				DEBUG_INFORMATION_FORMAT = "dwarf-with-dsym";
				ENABLE_NS_ASSERTIONS = NO;
				ENABLE_STRICT_OBJC_MSGSEND = YES;
				GCC_C_LANGUAGE_STANDARD = gnu99;
				GCC_NO_COMMON_BLOCKS = YES;
				GCC_WARN_64_TO_32_BIT_CONVERSION = YES;
				GCC_WARN_ABOUT_RETURN_TYPE = YES_ERROR;
				GCC_WARN_UNDECLARED_SELECTOR = YES;
				GCC_WARN_UNINITIALIZED_AUTOS = YES_AGGRESSIVE;
				GCC_WARN_UNUSED_FUNCTION = YES;
				GCC_WARN_UNUSED_VARIABLE = YES;
				IPHONEOS_DEPLOYMENT_TARGET = 8.3;
				MTL_ENABLE_DEBUG_INFO = NO;
				SDKROOT = iphoneos;
				VALIDATE_PRODUCT = YES;
			};
			name = Release;
		};
		9B49AF9D1AB4346A00BCD549 /* Debug */ = {
			isa = XCBuildConfiguration;
			buildSettings = {
				ASSETCATALOG_COMPILER_APPICON_NAME = AppIcon;
				INFOPLIST_FILE = SpotifyTest/Info.plist;
				LD_RUNPATH_SEARCH_PATHS = "$(inherited) @executable_path/Frameworks";
				PRODUCT_NAME = "$(TARGET_NAME)";
			};
			name = Debug;
		};
		9B49AF9E1AB4346A00BCD549 /* Release */ = {
			isa = XCBuildConfiguration;
			buildSettings = {
				ASSETCATALOG_COMPILER_APPICON_NAME = AppIcon;
				INFOPLIST_FILE = SpotifyTest/Info.plist;
				LD_RUNPATH_SEARCH_PATHS = "$(inherited) @executable_path/Frameworks";
				PRODUCT_NAME = "$(TARGET_NAME)";
			};
			name = Release;
		};
		9B49AFA01AB4346A00BCD549 /* Debug */ = {
			isa = XCBuildConfiguration;
			buildSettings = {
				BUNDLE_LOADER = "$(TEST_HOST)";
				FRAMEWORK_SEARCH_PATHS = (
					"$(SDKROOT)/Developer/Library/Frameworks",
					"$(inherited)",
				);
				GCC_PREPROCESSOR_DEFINITIONS = (
					"DEBUG=1",
					"$(inherited)",
				);
				INFOPLIST_FILE = SpotifyTestTests/Info.plist;
				LD_RUNPATH_SEARCH_PATHS = "$(inherited) @executable_path/Frameworks @loader_path/Frameworks";
				PRODUCT_NAME = "$(TARGET_NAME)";
				TEST_HOST = "$(BUILT_PRODUCTS_DIR)/SpotifyTest.app/SpotifyTest";
			};
			name = Debug;
		};
		9B49AFA11AB4346A00BCD549 /* Release */ = {
			isa = XCBuildConfiguration;
			buildSettings = {
				BUNDLE_LOADER = "$(TEST_HOST)";
				FRAMEWORK_SEARCH_PATHS = (
					"$(SDKROOT)/Developer/Library/Frameworks",
					"$(inherited)",
				);
				INFOPLIST_FILE = SpotifyTestTests/Info.plist;
				LD_RUNPATH_SEARCH_PATHS = "$(inherited) @executable_path/Frameworks @loader_path/Frameworks";
				PRODUCT_NAME = "$(TARGET_NAME)";
				TEST_HOST = "$(BUILT_PRODUCTS_DIR)/SpotifyTest.app/SpotifyTest";
			};
			name = Release;
		};
/* End XCBuildConfiguration section */

/* Begin XCConfigurationList section */
		9B49AF741AB4346A00BCD549 /* Build configuration list for PBXProject "SpotifyTest" */ = {
			isa = XCConfigurationList;
			buildConfigurations = (
				9B49AF9A1AB4346A00BCD549 /* Debug */,
				9B49AF9B1AB4346A00BCD549 /* Release */,
			);
			defaultConfigurationIsVisible = 0;
			defaultConfigurationName = Release;
		};
		9B49AF9C1AB4346A00BCD549 /* Build configuration list for PBXNativeTarget "SpotifyTest" */ = {
			isa = XCConfigurationList;
			buildConfigurations = (
				9B49AF9D1AB4346A00BCD549 /* Debug */,
				9B49AF9E1AB4346A00BCD549 /* Release */,
			);
			defaultConfigurationIsVisible = 0;
			defaultConfigurationName = Release;
		};
		9B49AF9F1AB4346A00BCD549 /* Build configuration list for PBXNativeTarget "SpotifyTestTests" */ = {
			isa = XCConfigurationList;
			buildConfigurations = (
				9B49AFA01AB4346A00BCD549 /* Debug */,
				9B49AFA11AB4346A00BCD549 /* Release */,
			);
			defaultConfigurationIsVisible = 0;
			defaultConfigurationName = Release;
		};
/* End XCConfigurationList section */
	};
	rootObject = 9B49AF711AB4346A00BCD549 /* Project object */;
}
